
Microsoft Visual Studio Solution File, Format Version 12.00
# Visual Studio Version 16
VisualStudioVersion = 16.0.31702.278
MinimumVisualStudioVersion = 10.0.40219.1
Project("{8BC9CEB8-8B4A-11D0-8D11-00A0C91BC942}") = "Text_formatting(CodinGame)", "Text_formatting(CodinGame)\Text_formatting(CodinGame).vcxproj", "{654B2E99-3F48-464D-951E-642F4C2B1AAB}"
EndProject
Global
	GlobalSection(SolutionConfigurationPlatforms) = preSolution
		Debug|x64 = Debug|x64
		Debug|x86 = Debug|x86
		Release|x64 = Release|x64
		Release|x86 = Release|x86
	EndGlobalSection
	GlobalSection(ProjectConfigurationPlatforms) = postSolution
		{654B2E99-3F48-464D-951E-642F4C2B1AAB}.Debug|x64.ActiveCfg = Debug|x64
		{654B2E99-3F48-464D-951E-642F4C2B1AAB}.Debug|x64.Build.0 = Debug|x64
		{654B2E99-3F48-464D-951E-642F4C2B1AAB}.Debug|x86.ActiveCfg = Debug|Win32
		{654B2E99-3F48-464D-951E-642F4C2B1AAB}.Debug|x86.Build.0 = Debug|Win32
		{654B2E99-3F48-464D-951E-642F4C2B1AAB}.Release|x64.ActiveCfg = Release|x64
		{654B2E99-3F48-464D-951E-642F4C2B1AAB}.Release|x64.Build.0 = Release|x64
		{654B2E99-3F48-464D-951E-642F4C2B1AAB}.Release|x86.ActiveCfg = Release|Win32
		{654B2E99-3F48-464D-951E-642F4C2B1AAB}.Release|x86.Build.0 = Release|Win32
	EndGlobalSection
	GlobalSection(SolutionProperties) = preSolution
		HideSolutionNode = FALSE
	EndGlobalSection
	GlobalSection(ExtensibilityGlobals) = postSolution
		SolutionGuid = {2C3CDFE4-D2C9-49E2-A8E8-6B3A20D04115}
	EndGlobalSection
EndGlobal
