
Microsoft Visual Studio Solution File, Format Version 12.00
# Visual Studio Version 16
VisualStudioVersion = 16.0.31702.278
MinimumVisualStudioVersion = 10.0.40219.1
Project("{8BC9CEB8-8B4A-11D0-8D11-00A0C91BC942}") = "Linear_function(CodeAbbey)", "Linear_function(CodeAbbey)\Linear_function(CodeAbbey).vcxproj", "{96EA27EB-FEA6-419A-9FB7-64156E4A0BAC}"
EndProject
Global
	GlobalSection(SolutionConfigurationPlatforms) = preSolution
		Debug|x64 = Debug|x64
		Debug|x86 = Debug|x86
		Release|x64 = Release|x64
		Release|x86 = Release|x86
	EndGlobalSection
	GlobalSection(ProjectConfigurationPlatforms) = postSolution
		{96EA27EB-FEA6-419A-9FB7-64156E4A0BAC}.Debug|x64.ActiveCfg = Debug|x64
		{96EA27EB-FEA6-419A-9FB7-64156E4A0BAC}.Debug|x64.Build.0 = Debug|x64
		{96EA27EB-FEA6-419A-9FB7-64156E4A0BAC}.Debug|x86.ActiveCfg = Debug|Win32
		{96EA27EB-FEA6-419A-9FB7-64156E4A0BAC}.Debug|x86.Build.0 = Debug|Win32
		{96EA27EB-FEA6-419A-9FB7-64156E4A0BAC}.Release|x64.ActiveCfg = Release|x64
		{96EA27EB-FEA6-419A-9FB7-64156E4A0BAC}.Release|x64.Build.0 = Release|x64
		{96EA27EB-FEA6-419A-9FB7-64156E4A0BAC}.Release|x86.ActiveCfg = Release|Win32
		{96EA27EB-FEA6-419A-9FB7-64156E4A0BAC}.Release|x86.Build.0 = Release|Win32
	EndGlobalSection
	GlobalSection(SolutionProperties) = preSolution
		HideSolutionNode = FALSE
	EndGlobalSection
	GlobalSection(ExtensibilityGlobals) = postSolution
		SolutionGuid = {CFB73A53-CDD7-48DC-8520-8253A901A63B}
	EndGlobalSection
EndGlobal
