
Microsoft Visual Studio Solution File, Format Version 12.00
# Visual Studio Version 16
VisualStudioVersion = 16.0.31702.278
MinimumVisualStudioVersion = 10.0.40219.1
Project("{8BC9CEB8-8B4A-11D0-8D11-00A0C91BC942}") = "Chapter 16 Task 3", "Chapter 16 Task 3\Chapter 16 Task 3.vcxproj", "{022E035A-FD11-4955-A24D-82F253DFBBEE}"
EndProject
Global
	GlobalSection(SolutionConfigurationPlatforms) = preSolution
		Debug|x64 = Debug|x64
		Debug|x86 = Debug|x86
		Release|x64 = Release|x64
		Release|x86 = Release|x86
	EndGlobalSection
	GlobalSection(ProjectConfigurationPlatforms) = postSolution
		{022E035A-FD11-4955-A24D-82F253DFBBEE}.Debug|x64.ActiveCfg = Debug|x64
		{022E035A-FD11-4955-A24D-82F253DFBBEE}.Debug|x64.Build.0 = Debug|x64
		{022E035A-FD11-4955-A24D-82F253DFBBEE}.Debug|x86.ActiveCfg = Debug|Win32
		{022E035A-FD11-4955-A24D-82F253DFBBEE}.Debug|x86.Build.0 = Debug|Win32
		{022E035A-FD11-4955-A24D-82F253DFBBEE}.Release|x64.ActiveCfg = Release|x64
		{022E035A-FD11-4955-A24D-82F253DFBBEE}.Release|x64.Build.0 = Release|x64
		{022E035A-FD11-4955-A24D-82F253DFBBEE}.Release|x86.ActiveCfg = Release|Win32
		{022E035A-FD11-4955-A24D-82F253DFBBEE}.Release|x86.Build.0 = Release|Win32
	EndGlobalSection
	GlobalSection(SolutionProperties) = preSolution
		HideSolutionNode = FALSE
	EndGlobalSection
	GlobalSection(ExtensibilityGlobals) = postSolution
		SolutionGuid = {90ADD1DD-F69B-4913-BB65-73C1505FACB6}
	EndGlobalSection
EndGlobal
