
Microsoft Visual Studio Solution File, Format Version 12.00
# Visual Studio Version 16
VisualStudioVersion = 16.0.31702.278
MinimumVisualStudioVersion = 10.0.40219.1
Project("{8BC9CEB8-8B4A-11D0-8D11-00A0C91BC942}") = "Fools_day_2014(CodeAbbey)", "Fools_day_2014(CodeAbbey)\Fools_day_2014(CodeAbbey).vcxproj", "{B0512977-6A25-4AF8-B98C-D101FD356F0A}"
EndProject
Global
	GlobalSection(SolutionConfigurationPlatforms) = preSolution
		Debug|x64 = Debug|x64
		Debug|x86 = Debug|x86
		Release|x64 = Release|x64
		Release|x86 = Release|x86
	EndGlobalSection
	GlobalSection(ProjectConfigurationPlatforms) = postSolution
		{B0512977-6A25-4AF8-B98C-D101FD356F0A}.Debug|x64.ActiveCfg = Debug|x64
		{B0512977-6A25-4AF8-B98C-D101FD356F0A}.Debug|x64.Build.0 = Debug|x64
		{B0512977-6A25-4AF8-B98C-D101FD356F0A}.Debug|x86.ActiveCfg = Debug|Win32
		{B0512977-6A25-4AF8-B98C-D101FD356F0A}.Debug|x86.Build.0 = Debug|Win32
		{B0512977-6A25-4AF8-B98C-D101FD356F0A}.Release|x64.ActiveCfg = Release|x64
		{B0512977-6A25-4AF8-B98C-D101FD356F0A}.Release|x64.Build.0 = Release|x64
		{B0512977-6A25-4AF8-B98C-D101FD356F0A}.Release|x86.ActiveCfg = Release|Win32
		{B0512977-6A25-4AF8-B98C-D101FD356F0A}.Release|x86.Build.0 = Release|Win32
	EndGlobalSection
	GlobalSection(SolutionProperties) = preSolution
		HideSolutionNode = FALSE
	EndGlobalSection
	GlobalSection(ExtensibilityGlobals) = postSolution
		SolutionGuid = {83821A9B-F7F8-4476-8DAB-54D0E60445A2}
	EndGlobalSection
EndGlobal
