
Microsoft Visual Studio Solution File, Format Version 12.00
# Visual Studio Version 16
VisualStudioVersion = 16.0.31702.278
MinimumVisualStudioVersion = 10.0.40219.1
Project("{8BC9CEB8-8B4A-11D0-8D11-00A0C91BC942}") = "Sum_A+B(CodeAbbey)", "Sum_A+B(CodeAbbey)\Sum_A+B(CodeAbbey).vcxproj", "{151E53E8-4240-4B30-82D7-93C6BC33EDFD}"
EndProject
Global
	GlobalSection(SolutionConfigurationPlatforms) = preSolution
		Debug|x64 = Debug|x64
		Debug|x86 = Debug|x86
		Release|x64 = Release|x64
		Release|x86 = Release|x86
	EndGlobalSection
	GlobalSection(ProjectConfigurationPlatforms) = postSolution
		{151E53E8-4240-4B30-82D7-93C6BC33EDFD}.Debug|x64.ActiveCfg = Debug|x64
		{151E53E8-4240-4B30-82D7-93C6BC33EDFD}.Debug|x64.Build.0 = Debug|x64
		{151E53E8-4240-4B30-82D7-93C6BC33EDFD}.Debug|x86.ActiveCfg = Debug|Win32
		{151E53E8-4240-4B30-82D7-93C6BC33EDFD}.Debug|x86.Build.0 = Debug|Win32
		{151E53E8-4240-4B30-82D7-93C6BC33EDFD}.Release|x64.ActiveCfg = Release|x64
		{151E53E8-4240-4B30-82D7-93C6BC33EDFD}.Release|x64.Build.0 = Release|x64
		{151E53E8-4240-4B30-82D7-93C6BC33EDFD}.Release|x86.ActiveCfg = Release|Win32
		{151E53E8-4240-4B30-82D7-93C6BC33EDFD}.Release|x86.Build.0 = Release|Win32
	EndGlobalSection
	GlobalSection(SolutionProperties) = preSolution
		HideSolutionNode = FALSE
	EndGlobalSection
	GlobalSection(ExtensibilityGlobals) = postSolution
		SolutionGuid = {3B971CFE-250C-4887-9454-E4C1CEA6476E}
	EndGlobalSection
EndGlobal
