
Microsoft Visual Studio Solution File, Format Version 12.00
# Visual Studio Version 16
VisualStudioVersion = 16.0.31702.278
MinimumVisualStudioVersion = 10.0.40219.1
Project("{8BC9CEB8-8B4A-11D0-8D11-00A0C91BC942}") = "Chapter 14 Task 2", "Chapter 14 Task 2\Chapter 14 Task 2.vcxproj", "{957CC3F6-6541-42E3-A6C5-80B2B0F80A15}"
EndProject
Global
	GlobalSection(SolutionConfigurationPlatforms) = preSolution
		Debug|x64 = Debug|x64
		Debug|x86 = Debug|x86
		Release|x64 = Release|x64
		Release|x86 = Release|x86
	EndGlobalSection
	GlobalSection(ProjectConfigurationPlatforms) = postSolution
		{957CC3F6-6541-42E3-A6C5-80B2B0F80A15}.Debug|x64.ActiveCfg = Debug|x64
		{957CC3F6-6541-42E3-A6C5-80B2B0F80A15}.Debug|x64.Build.0 = Debug|x64
		{957CC3F6-6541-42E3-A6C5-80B2B0F80A15}.Debug|x86.ActiveCfg = Debug|Win32
		{957CC3F6-6541-42E3-A6C5-80B2B0F80A15}.Debug|x86.Build.0 = Debug|Win32
		{957CC3F6-6541-42E3-A6C5-80B2B0F80A15}.Release|x64.ActiveCfg = Release|x64
		{957CC3F6-6541-42E3-A6C5-80B2B0F80A15}.Release|x64.Build.0 = Release|x64
		{957CC3F6-6541-42E3-A6C5-80B2B0F80A15}.Release|x86.ActiveCfg = Release|Win32
		{957CC3F6-6541-42E3-A6C5-80B2B0F80A15}.Release|x86.Build.0 = Release|Win32
	EndGlobalSection
	GlobalSection(SolutionProperties) = preSolution
		HideSolutionNode = FALSE
	EndGlobalSection
	GlobalSection(ExtensibilityGlobals) = postSolution
		SolutionGuid = {0B4FE2F5-B7B6-4079-B300-32284FD03BA8}
	EndGlobalSection
EndGlobal
