
Microsoft Visual Studio Solution File, Format Version 12.00
# Visual Studio Version 16
VisualStudioVersion = 16.0.31702.278
MinimumVisualStudioVersion = 10.0.40219.1
Project("{8BC9CEB8-8B4A-11D0-8D11-00A0C91BC942}") = "Chapter 16 Task 5", "Chapter 16 Task 5\Chapter 16 Task 5.vcxproj", "{35635988-3203-4343-A6D8-E4C1760F6AF1}"
EndProject
Global
	GlobalSection(SolutionConfigurationPlatforms) = preSolution
		Debug|x64 = Debug|x64
		Debug|x86 = Debug|x86
		Release|x64 = Release|x64
		Release|x86 = Release|x86
	EndGlobalSection
	GlobalSection(ProjectConfigurationPlatforms) = postSolution
		{35635988-3203-4343-A6D8-E4C1760F6AF1}.Debug|x64.ActiveCfg = Debug|x64
		{35635988-3203-4343-A6D8-E4C1760F6AF1}.Debug|x64.Build.0 = Debug|x64
		{35635988-3203-4343-A6D8-E4C1760F6AF1}.Debug|x86.ActiveCfg = Debug|Win32
		{35635988-3203-4343-A6D8-E4C1760F6AF1}.Debug|x86.Build.0 = Debug|Win32
		{35635988-3203-4343-A6D8-E4C1760F6AF1}.Release|x64.ActiveCfg = Release|x64
		{35635988-3203-4343-A6D8-E4C1760F6AF1}.Release|x64.Build.0 = Release|x64
		{35635988-3203-4343-A6D8-E4C1760F6AF1}.Release|x86.ActiveCfg = Release|Win32
		{35635988-3203-4343-A6D8-E4C1760F6AF1}.Release|x86.Build.0 = Release|Win32
	EndGlobalSection
	GlobalSection(SolutionProperties) = preSolution
		HideSolutionNode = FALSE
	EndGlobalSection
	GlobalSection(ExtensibilityGlobals) = postSolution
		SolutionGuid = {ECA3AD1B-8491-42FF-8110-11B5036F233B}
	EndGlobalSection
EndGlobal
