
Microsoft Visual Studio Solution File, Format Version 12.00
# Visual Studio Version 16
VisualStudioVersion = 16.0.31702.278
MinimumVisualStudioVersion = 10.0.40219.1
Project("{8BC9CEB8-8B4A-11D0-8D11-00A0C91BC942}") = "Triangles(CodeAbbey)", "Triangles(CodeAbbey)\Triangles(CodeAbbey).vcxproj", "{BCF29C66-0C95-4473-AC9F-863B5CDE84A4}"
EndProject
Global
	GlobalSection(SolutionConfigurationPlatforms) = preSolution
		Debug|x64 = Debug|x64
		Debug|x86 = Debug|x86
		Release|x64 = Release|x64
		Release|x86 = Release|x86
	EndGlobalSection
	GlobalSection(ProjectConfigurationPlatforms) = postSolution
		{BCF29C66-0C95-4473-AC9F-863B5CDE84A4}.Debug|x64.ActiveCfg = Debug|x64
		{BCF29C66-0C95-4473-AC9F-863B5CDE84A4}.Debug|x64.Build.0 = Debug|x64
		{BCF29C66-0C95-4473-AC9F-863B5CDE84A4}.Debug|x86.ActiveCfg = Debug|Win32
		{BCF29C66-0C95-4473-AC9F-863B5CDE84A4}.Debug|x86.Build.0 = Debug|Win32
		{BCF29C66-0C95-4473-AC9F-863B5CDE84A4}.Release|x64.ActiveCfg = Release|x64
		{BCF29C66-0C95-4473-AC9F-863B5CDE84A4}.Release|x64.Build.0 = Release|x64
		{BCF29C66-0C95-4473-AC9F-863B5CDE84A4}.Release|x86.ActiveCfg = Release|Win32
		{BCF29C66-0C95-4473-AC9F-863B5CDE84A4}.Release|x86.Build.0 = Release|Win32
	EndGlobalSection
	GlobalSection(SolutionProperties) = preSolution
		HideSolutionNode = FALSE
	EndGlobalSection
	GlobalSection(ExtensibilityGlobals) = postSolution
		SolutionGuid = {192712B1-C0ED-4173-948A-52C13760BC44}
	EndGlobalSection
EndGlobal
