
Microsoft Visual Studio Solution File, Format Version 12.00
# Visual Studio Version 16
VisualStudioVersion = 16.0.31702.278
MinimumVisualStudioVersion = 10.0.40219.1
Project("{8BC9CEB8-8B4A-11D0-8D11-00A0C91BC942}") = "Chapter 12 Task 1", "Chapter 12 Task 1\Chapter 12 Task 1.vcxproj", "{5422DA85-4ED0-49DA-9A85-1C59E131C628}"
EndProject
Global
	GlobalSection(SolutionConfigurationPlatforms) = preSolution
		Debug|x64 = Debug|x64
		Debug|x86 = Debug|x86
		Release|x64 = Release|x64
		Release|x86 = Release|x86
	EndGlobalSection
	GlobalSection(ProjectConfigurationPlatforms) = postSolution
		{5422DA85-4ED0-49DA-9A85-1C59E131C628}.Debug|x64.ActiveCfg = Debug|x64
		{5422DA85-4ED0-49DA-9A85-1C59E131C628}.Debug|x64.Build.0 = Debug|x64
		{5422DA85-4ED0-49DA-9A85-1C59E131C628}.Debug|x86.ActiveCfg = Debug|Win32
		{5422DA85-4ED0-49DA-9A85-1C59E131C628}.Debug|x86.Build.0 = Debug|Win32
		{5422DA85-4ED0-49DA-9A85-1C59E131C628}.Release|x64.ActiveCfg = Release|x64
		{5422DA85-4ED0-49DA-9A85-1C59E131C628}.Release|x64.Build.0 = Release|x64
		{5422DA85-4ED0-49DA-9A85-1C59E131C628}.Release|x86.ActiveCfg = Release|Win32
		{5422DA85-4ED0-49DA-9A85-1C59E131C628}.Release|x86.Build.0 = Release|Win32
	EndGlobalSection
	GlobalSection(SolutionProperties) = preSolution
		HideSolutionNode = FALSE
	EndGlobalSection
	GlobalSection(ExtensibilityGlobals) = postSolution
		SolutionGuid = {2B0062A2-2557-4A99-9D03-C0A1F2AC289D}
	EndGlobalSection
EndGlobal
